
Microsoft Visual Studio Solution File, Format Version 12.00
# Visual Studio 14
VisualStudioVersion = 14.0.25123.0
MinimumVisualStudioVersion = 10.0.40219.1
Project("{FAE04EC0-301F-11D3-BF4B-00C04F79EFBC}") = "Strings", "Strings\Strings.csproj", "{132A82EF-97A7-4F86-A5DD-8AB94B7A7F40}"
EndProject
Project("{FAE04EC0-301F-11D3-BF4B-00C04F79EFBC}") = "UnitTestProject1", "UnitTestProject1\UnitTestProject1.csproj", "{1F6C1117-5A91-4E91-B2AE-5789FB3BCD46}"
EndProject
Global
	GlobalSection(SolutionConfigurationPlatforms) = preSolution
		Debug|Any CPU = Debug|Any CPU
		Release|Any CPU = Release|Any CPU
	EndGlobalSection
	GlobalSection(ProjectConfigurationPlatforms) = postSolution
		{132A82EF-97A7-4F86-A5DD-8AB94B7A7F40}.Debug|Any CPU.ActiveCfg = Debug|Any CPU
		{132A82EF-97A7-4F86-A5DD-8AB94B7A7F40}.Debug|Any CPU.Build.0 = Debug|Any CPU
		{132A82EF-97A7-4F86-A5DD-8AB94B7A7F40}.Release|Any CPU.ActiveCfg = Release|Any CPU
		{132A82EF-97A7-4F86-A5DD-8AB94B7A7F40}.Release|Any CPU.Build.0 = Release|Any CPU
		{1F6C1117-5A91-4E91-B2AE-5789FB3BCD46}.Debug|Any CPU.ActiveCfg = Debug|Any CPU
		{1F6C1117-5A91-4E91-B2AE-5789FB3BCD46}.Debug|Any CPU.Build.0 = Debug|Any CPU
		{1F6C1117-5A91-4E91-B2AE-5789FB3BCD46}.Release|Any CPU.ActiveCfg = Release|Any CPU
		{1F6C1117-5A91-4E91-B2AE-5789FB3BCD46}.Release|Any CPU.Build.0 = Release|Any CPU
	EndGlobalSection
	GlobalSection(SolutionProperties) = preSolution
		HideSolutionNode = FALSE
	EndGlobalSection
EndGlobal
