
Microsoft Visual Studio Solution File, Format Version 12.00
# Visual Studio 14
VisualStudioVersion = 14.0.25123.0
MinimumVisualStudioVersion = 10.0.40219.1
Project("{FAE04EC0-301F-11D3-BF4B-00C04F79EFBC}") = "Rationals", "Rationals\Rationals.csproj", "{7DE42037-D661-4E98-BA4C-FB6C64713A8E}"
EndProject
Project("{FAE04EC0-301F-11D3-BF4B-00C04F79EFBC}") = "UnitTestProject1", "UnitTestProject1\UnitTestProject1.csproj", "{6544CD89-C4D5-45BE-A194-2C9597E82F09}"
EndProject
Global
	GlobalSection(SolutionConfigurationPlatforms) = preSolution
		Debug|Any CPU = Debug|Any CPU
		Release|Any CPU = Release|Any CPU
	EndGlobalSection
	GlobalSection(ProjectConfigurationPlatforms) = postSolution
		{7DE42037-D661-4E98-BA4C-FB6C64713A8E}.Debug|Any CPU.ActiveCfg = Debug|Any CPU
		{7DE42037-D661-4E98-BA4C-FB6C64713A8E}.Debug|Any CPU.Build.0 = Debug|Any CPU
		{7DE42037-D661-4E98-BA4C-FB6C64713A8E}.Release|Any CPU.ActiveCfg = Release|Any CPU
		{7DE42037-D661-4E98-BA4C-FB6C64713A8E}.Release|Any CPU.Build.0 = Release|Any CPU
		{6544CD89-C4D5-45BE-A194-2C9597E82F09}.Debug|Any CPU.ActiveCfg = Debug|Any CPU
		{6544CD89-C4D5-45BE-A194-2C9597E82F09}.Debug|Any CPU.Build.0 = Debug|Any CPU
		{6544CD89-C4D5-45BE-A194-2C9597E82F09}.Release|Any CPU.ActiveCfg = Release|Any CPU
		{6544CD89-C4D5-45BE-A194-2C9597E82F09}.Release|Any CPU.Build.0 = Release|Any CPU
	EndGlobalSection
	GlobalSection(SolutionProperties) = preSolution
		HideSolutionNode = FALSE
	EndGlobalSection
EndGlobal
