
Microsoft Visual Studio Solution File, Format Version 12.00
# Visual Studio 14
VisualStudioVersion = 14.0.25123.0
MinimumVisualStudioVersion = 10.0.40219.1
Project("{FAE04EC0-301F-11D3-BF4B-00C04F79EFBC}") = "AccountsLib", "AccountsLib\AccountsLib.csproj", "{6F6E9117-9074-4956-BDB6-E3ED694F240F}"
EndProject
Project("{FAE04EC0-301F-11D3-BF4B-00C04F79EFBC}") = "ConsoleApplication1", "ConsoleApplication1\ConsoleApplication1.csproj", "{DBAB9AEA-A34E-43C1-A4B0-B3DE72400FE4}"
EndProject
Project("{FAE04EC0-301F-11D3-BF4B-00C04F79EFBC}") = "NUnit.Tests1", "NUnit.Tests1\NUnit.Tests1.csproj", "{8EDF4429-251A-416D-BB68-93F227191BCF}"
EndProject
Global
	GlobalSection(SolutionConfigurationPlatforms) = preSolution
		Debug|Any CPU = Debug|Any CPU
		Release|Any CPU = Release|Any CPU
	EndGlobalSection
	GlobalSection(ProjectConfigurationPlatforms) = postSolution
		{6F6E9117-9074-4956-BDB6-E3ED694F240F}.Debug|Any CPU.ActiveCfg = Debug|Any CPU
		{6F6E9117-9074-4956-BDB6-E3ED694F240F}.Debug|Any CPU.Build.0 = Debug|Any CPU
		{6F6E9117-9074-4956-BDB6-E3ED694F240F}.Release|Any CPU.ActiveCfg = Release|Any CPU
		{6F6E9117-9074-4956-BDB6-E3ED694F240F}.Release|Any CPU.Build.0 = Release|Any CPU
		{DBAB9AEA-A34E-43C1-A4B0-B3DE72400FE4}.Debug|Any CPU.ActiveCfg = Debug|Any CPU
		{DBAB9AEA-A34E-43C1-A4B0-B3DE72400FE4}.Debug|Any CPU.Build.0 = Debug|Any CPU
		{DBAB9AEA-A34E-43C1-A4B0-B3DE72400FE4}.Release|Any CPU.ActiveCfg = Release|Any CPU
		{DBAB9AEA-A34E-43C1-A4B0-B3DE72400FE4}.Release|Any CPU.Build.0 = Release|Any CPU
		{8EDF4429-251A-416D-BB68-93F227191BCF}.Debug|Any CPU.ActiveCfg = Debug|Any CPU
		{8EDF4429-251A-416D-BB68-93F227191BCF}.Debug|Any CPU.Build.0 = Debug|Any CPU
		{8EDF4429-251A-416D-BB68-93F227191BCF}.Release|Any CPU.ActiveCfg = Release|Any CPU
		{8EDF4429-251A-416D-BB68-93F227191BCF}.Release|Any CPU.Build.0 = Release|Any CPU
	EndGlobalSection
	GlobalSection(SolutionProperties) = preSolution
		HideSolutionNode = FALSE
	EndGlobalSection
EndGlobal
